
Microsoft Visual Studio Solution File, Format Version 12.00
# Visual Studio Version 17
VisualStudioVersion = 17.8.34330.188
MinimumVisualStudioVersion = 10.0.40219.1
Project("{9A19103F-16F7-4668-BE54-9A1E7A4F7556}") = "Taufik Hasan", "Taufik Hasan.csproj", "{9898ED30-02CA-4004-AE37-F28D4D65D5A4}"
EndProject
Global
	GlobalSection(SolutionConfigurationPlatforms) = preSolution
		Debug|Any CPU = Debug|Any CPU
		Release|Any CPU = Release|Any CPU
	EndGlobalSection
	GlobalSection(ProjectConfigurationPlatforms) = postSolution
		{9898ED30-02CA-4004-AE37-F28D4D65D5A4}.Debug|Any CPU.ActiveCfg = Debug|Any CPU
		{9898ED30-02CA-4004-AE37-F28D4D65D5A4}.Debug|Any CPU.Build.0 = Debug|Any CPU
		{9898ED30-02CA-4004-AE37-F28D4D65D5A4}.Release|Any CPU.ActiveCfg = Release|Any CPU
		{9898ED30-02CA-4004-AE37-F28D4D65D5A4}.Release|Any CPU.Build.0 = Release|Any CPU
	EndGlobalSection
	GlobalSection(SolutionProperties) = preSolution
		HideSolutionNode = FALSE
	EndGlobalSection
	GlobalSection(ExtensibilityGlobals) = postSolution
		SolutionGuid = {D7431D80-24ED-46FD-94C9-7897ABF73207}
	EndGlobalSection
EndGlobal
